
Microsoft Visual Studio Solution File, Format Version 12.00
# Visual Studio Version 17
VisualStudioVersion = 17.3.32819.101
MinimumVisualStudioVersion = 10.0.40219.1
Project("{FAE04EC0-301F-11D3-BF4B-00C04F79EFBC}") = "SuperHeroAPI", "SuperHeroAPI\SuperHeroAPI.csproj", "{5FC43374-293A-4B8B-B4B3-87C6ED31E85E}"
EndProject
Global
	GlobalSection(SolutionConfigurationPlatforms) = preSolution
		Debug|Any CPU = Debug|Any CPU
		Release|Any CPU = Release|Any CPU
	EndGlobalSection
	GlobalSection(ProjectConfigurationPlatforms) = postSolution
		{5FC43374-293A-4B8B-B4B3-87C6ED31E85E}.Debug|Any CPU.ActiveCfg = Debug|Any CPU
		{5FC43374-293A-4B8B-B4B3-87C6ED31E85E}.Debug|Any CPU.Build.0 = Debug|Any CPU
		{5FC43374-293A-4B8B-B4B3-87C6ED31E85E}.Release|Any CPU.ActiveCfg = Release|Any CPU
		{5FC43374-293A-4B8B-B4B3-87C6ED31E85E}.Release|Any CPU.Build.0 = Release|Any CPU
	EndGlobalSection
	GlobalSection(SolutionProperties) = preSolution
		HideSolutionNode = FALSE
	EndGlobalSection
	GlobalSection(ExtensibilityGlobals) = postSolution
		SolutionGuid = {21F11A95-39A4-4E8F-808B-CF52F29952BF}
	EndGlobalSection
EndGlobal
